# This file is autogenerated, do not edit; changes may be undone by the next 'dep ensure'.


[[projects]]
  digest = "1:850c49ca338a10fec2cb9e78f793043ed23965489d09e30bcc19fe29719da313"
  name = "github.com/go-sql-driver/mysql"
  packages = ["."]
  pruneopts = "UT"
  revision = "a0583e0143b1624142adab07e0e97fe106d99561"
  version = "v1.3.0"

[[projects]]
  branch = "master"
  digest = "1:6ef2a35f9f2d36d750c2b3b2897729ae0d3f4ab88f2e2fec1b7e8d47bda23fdc"
  name = "github.com/jinzhu/gorm"
  packages = [
    ".",
    "dialects/mysql",
  ]
  pruneopts = "UT"
  revision = "32455088f24d6b1e9a502fb8e40fdc16139dbea8"

[[projects]]
  branch = "master"
  digest = "1:fd97437fbb6b7dce04132cf06775bd258cce305c44add58eb55ca86c6c325160"
  name = "github.com/jinzhu/inflection"
  packages = ["."]
  pruneopts = "UT"
  revision = "04140366298a54a039076d798123ffa108fff46c"

[[projects]]
  branch = "master"
  digest = "1:d166a4b3543a71d87e34767ace94e8b516e79ba45111730306f07c8d6f797f1f"
  name = "github.com/joho/godotenv"
  packages = ["."]
  pruneopts = "UT"
  revision = "1709ab122c988931ad53508747b3c061400c2984"

[[projects]]
  digest = "1:2c2e9d874c100424d18d6d1cc4bf9f52b3bb97944c462ca05cef5d60b96da55f"
  name = "gopkg.in/gormigrate.v1"
  packages = ["."]
  pruneopts = "UT"
  revision = "21b0b93e8253d575d9185974835423f98d30158d"
  version = "v1.2.0"

[solve-meta]
  analyzer-name = "dep"
  analyzer-version = 1
  input-imports = [
    "github.com/jinzhu/gorm",
    "github.com/jinzhu/gorm/dialects/mysql",
    "github.com/joho/godotenv",
    "gopkg.in/gormigrate.v1",
  ]
  solver-name = "gps-cdcl"
  solver-version = 1
